{
  "object": {
    "pins": [
      {
        "package": "NumKit",
        "repositoryURL": "https://github.com/jantomec/NumKit.git",
        "state": {
          "branch": null,
          "revision": "c6a439f6ce80852a0dc5c31ade366dcd686a8253",
          "version": "0.0.1"
        }
      },
      {
        "package": "PlotKit",
        "repositoryURL": "https://github.com/jantomec/PlotKit.git",
        "state": {
          "branch": null,
          "revision": "1dad75eec9cd38d39c1a8c7cac93e397854c702c",
          "version": "0.0.1"
        }
      }
    ]
  },
  "version": 1
}
