{
  "object": {
    "pins": [
      {
        "package": "NumKit",
        "repositoryURL": "https://github.com/jantomec/NumKit.git",
        "state": {
          "branch": null,
          "revision": "e4958bc4a23e911ae944d0ea7a1d1407281d4927",
          "version": "0.0.2"
        }
      },
      {
        "package": "PlotKit",
        "repositoryURL": "https://github.com/jantomec/PlotKit.git",
        "state": {
          "branch": null,
          "revision": "063703e2e55fc84cc520a81efd626be067e7056e",
          "version": "0.0.4"
        }
      }
    ]
  },
  "version": 1
}
